// !$*UTF8*$!
{
	archiveVersion = 1;
	classes = {
	};
	objectVersion = 56;
	objects = {

/* Begin PBXBuildFile section */
		961EFB7B2DCBFCED00DDB444 /* NavigationCoordinator.swift in Sources */ = {isa = PBXBuildFile; fileRef = 961EFB782DCBFCED00DDB444 /* NavigationCoordinator.swift */; };
		961EFB7C2DCBFCED00DDB444 /* NavigationRouter.swift in Sources */ = {isa = PBXBuildFile; fileRef = 961EFB792DCBFCED00DDB444 /* NavigationRouter.swift */; };
		961EFB7D2DCBFCED00DDB444 /* AppRoute.swift in Sources */ = {isa = PBXBuildFile; fileRef = 961EFB772DCBFCED00DDB444 /* AppRoute.swift */; };
		961EFB7F2DCBFD1F00DDB444 /* SignUpViewModel.swift in Sources */ = {isa = PBXBuildFile; fileRef = 961EFB7E2DCBFD1F00DDB444 /* SignUpViewModel.swift */; };
		961EFB812DCBFE2200DDB444 /* ProductDetailsView.swift in Sources */ = {isa = PBXBuildFile; fileRef = 961EFB802DCBFE2200DDB444 /* ProductDetailsView.swift */; };
		96228A6D2D64C0F7003E3242 /* KDSApp.swift in Sources */ = {isa = PBXBuildFile; fileRef = 96228A6C2D64C0F7003E3242 /* KDSApp.swift */; };
		96228A6F2D64C0F7003E3242 /* WelcomeView.swift in Sources */ = {isa = PBXBuildFile; fileRef = 96228A6E2D64C0F7003E3242 /* WelcomeView.swift */; };
		96228A712D64C0F9003E3242 /* Assets.xcassets in Resources */ = {isa = PBXBuildFile; fileRef = 96228A702D64C0F9003E3242 /* Assets.xcassets */; };
		96228A752D64C0F9003E3242 /* Preview Assets.xcassets in Resources */ = {isa = PBXBuildFile; fileRef = 96228A742D64C0F9003E3242 /* Preview Assets.xcassets */; };
		96512C022D830FDA0094F006 /* CredentialsSupabase.swift in Sources */ = {isa = PBXBuildFile; fileRef = 96512C012D830FDA0094F006 /* CredentialsSupabase.swift */; };
		966DEBEE2D7755D3004D1B7F /* UserModel.swift in Sources */ = {isa = PBXBuildFile; fileRef = 966DEBED2D7755D3004D1B7F /* UserModel.swift */; };
		966EEF642DA816DC00254FFC /* CategoryItem.swift in Sources */ = {isa = PBXBuildFile; fileRef = 966EEF622DA816DC00254FFC /* CategoryItem.swift */; };
		966EEF662DA816EF00254FFC /* CategoryViewModel.swift in Sources */ = {isa = PBXBuildFile; fileRef = 966EEF652DA816EF00254FFC /* CategoryViewModel.swift */; };
		966EEF692DA8170C00254FFC /* AdminDashboardView.swift in Sources */ = {isa = PBXBuildFile; fileRef = 966EEF672DA8170C00254FFC /* AdminDashboardView.swift */; };
		966EEF6A2DA8170C00254FFC /* ClientDashboardView.swift in Sources */ = {isa = PBXBuildFile; fileRef = 966EEF682DA8170C00254FFC /* ClientDashboardView.swift */; };
		966EEF6C2DA8173300254FFC /* CategoryModel.swift in Sources */ = {isa = PBXBuildFile; fileRef = 966EEF6B2DA8173300254FFC /* CategoryModel.swift */; };
		968EA6A72DAE9B7A0031D1A8 /* CustomAppbar.swift in Sources */ = {isa = PBXBuildFile; fileRef = 968EA6A62DAE9B7A0031D1A8 /* CustomAppbar.swift */; };
		968EA6A92DAEA7D00031D1A8 /* ProductViewModel.swift in Sources */ = {isa = PBXBuildFile; fileRef = 968EA6A82DAEA7D00031D1A8 /* ProductViewModel.swift */; };
		96944C852DE004F100D5A298 /* CartModel.swift in Sources */ = {isa = PBXBuildFile; fileRef = 96944C842DE004E800D5A298 /* CartModel.swift */; };
		96944C872DE0059900D5A298 /* CartViewModel.swift in Sources */ = {isa = PBXBuildFile; fileRef = 96944C862DE0059900D5A298 /* CartViewModel.swift */; };
		96944C892DE0066500D5A298 /* CartView.swift in Sources */ = {isa = PBXBuildFile; fileRef = 96944C882DE0066000D5A298 /* CartView.swift */; };
		96944C8C2DE0120F00D5A298 /* OrderModel.swift in Sources */ = {isa = PBXBuildFile; fileRef = 96944C8B2DE0120900D5A298 /* OrderModel.swift */; };
		96944C8E2DE01CAE00D5A298 /* KitchenViewModel.swift in Sources */ = {isa = PBXBuildFile; fileRef = 96944C8D2DE01CAA00D5A298 /* KitchenViewModel.swift */; };
		96944C902DE01DA800D5A298 /* KitchenDashboardView.swift in Sources */ = {isa = PBXBuildFile; fileRef = 96944C8F2DE01D9B00D5A298 /* KitchenDashboardView.swift */; };
		96944C922DE024B600D5A298 /* OrderDetailView.swift in Sources */ = {isa = PBXBuildFile; fileRef = 96944C912DE024B600D5A298 /* OrderDetailView.swift */; };
		96944C942DE024E800D5A298 /* OrderDetailViewModel.swift in Sources */ = {isa = PBXBuildFile; fileRef = 96944C932DE024DA00D5A298 /* OrderDetailViewModel.swift */; };
		96A1E7172D761841008A9BE8 /* LoginView.swift in Sources */ = {isa = PBXBuildFile; fileRef = 96A1E7162D761841008A9BE8 /* LoginView.swift */; };
		96B0B6382DAD6C2200998A07 /* ProductModel.swift in Sources */ = {isa = PBXBuildFile; fileRef = 96B0B6372DAD6C2200998A07 /* ProductModel.swift */; };
		96B0B63A2DAD749900998A07 /* ProductCard.swift in Sources */ = {isa = PBXBuildFile; fileRef = 96B0B6392DAD749900998A07 /* ProductCard.swift */; };
		96B205FD2D77404B00492979 /* AuthViewModel.swift in Sources */ = {isa = PBXBuildFile; fileRef = 96B205FC2D77404B00492979 /* AuthViewModel.swift */; };
		96B206002D7745B400492979 /* SignUpView.swift in Sources */ = {isa = PBXBuildFile; fileRef = 96B205FF2D7745B400492979 /* SignUpView.swift */; };
		96BD64152D81E9D700C85462 /* Auth in Frameworks */ = {isa = PBXBuildFile; productRef = 96BD64142D81E9D700C85462 /* Auth */; };
		96BD64172D81E9D700C85462 /* Functions in Frameworks */ = {isa = PBXBuildFile; productRef = 96BD64162D81E9D700C85462 /* Functions */; };
		96BD64192D81E9D700C85462 /* PostgREST in Frameworks */ = {isa = PBXBuildFile; productRef = 96BD64182D81E9D700C85462 /* PostgREST */; };
		96BD641B2D81E9D700C85462 /* Realtime in Frameworks */ = {isa = PBXBuildFile; productRef = 96BD641A2D81E9D700C85462 /* Realtime */; };
		96BD641D2D81E9D700C85462 /* Storage in Frameworks */ = {isa = PBXBuildFile; productRef = 96BD641C2D81E9D700C85462 /* Storage */; };
		96BD641F2D81E9D700C85462 /* Supabase in Frameworks */ = {isa = PBXBuildFile; productRef = 96BD641E2D81E9D700C85462 /* Supabase */; };
		96BD64212D81EA2E00C85462 /* Supabase.swift in Sources */ = {isa = PBXBuildFile; fileRef = 96BD64202D81EA2E00C85462 /* Supabase.swift */; };
		96BD64252D81F2EB00C85462 /* Configuration.swift in Sources */ = {isa = PBXBuildFile; fileRef = 96BD64242D81F2EB00C85462 /* Configuration.swift */; };
/* End PBXBuildFile section */

/* Begin PBXFileReference section */
		961EFB772DCBFCED00DDB444 /* AppRoute.swift */ = {isa = PBXFileReference; lastKnownFileType = sourcecode.swift; path = AppRoute.swift; sourceTree = "<group>"; };
		961EFB782DCBFCED00DDB444 /* NavigationCoordinator.swift */ = {isa = PBXFileReference; lastKnownFileType = sourcecode.swift; path = NavigationCoordinator.swift; sourceTree = "<group>"; };
		961EFB792DCBFCED00DDB444 /* NavigationRouter.swift */ = {isa = PBXFileReference; lastKnownFileType = sourcecode.swift; path = NavigationRouter.swift; sourceTree = "<group>"; };
		961EFB7E2DCBFD1F00DDB444 /* SignUpViewModel.swift */ = {isa = PBXFileReference; lastKnownFileType = sourcecode.swift; path = SignUpViewModel.swift; sourceTree = "<group>"; };
		961EFB802DCBFE2200DDB444 /* ProductDetailsView.swift */ = {isa = PBXFileReference; lastKnownFileType = sourcecode.swift; path = ProductDetailsView.swift; sourceTree = "<group>"; };
		96228A692D64C0F7003E3242 /* Learning.app */ = {isa = PBXFileReference; explicitFileType = wrapper.application; includeInIndex = 0; path = Learning.app; sourceTree = BUILT_PRODUCTS_DIR; };
		96228A6C2D64C0F7003E3242 /* KDSApp.swift */ = {isa = PBXFileReference; lastKnownFileType = sourcecode.swift; path = KDSApp.swift; sourceTree = "<group>"; };
		96228A6E2D64C0F7003E3242 /* WelcomeView.swift */ = {isa = PBXFileReference; lastKnownFileType = sourcecode.swift; path = WelcomeView.swift; sourceTree = "<group>"; };
		96228A702D64C0F9003E3242 /* Assets.xcassets */ = {isa = PBXFileReference; lastKnownFileType = folder.assetcatalog; path = Assets.xcassets; sourceTree = "<group>"; };
		96228A722D64C0F9003E3242 /* Learning.entitlements */ = {isa = PBXFileReference; lastKnownFileType = text.plist.entitlements; path = Learning.entitlements; sourceTree = "<group>"; };
		96228A742D64C0F9003E3242 /* Preview Assets.xcassets */ = {isa = PBXFileReference; lastKnownFileType = folder.assetcatalog; path = "Preview Assets.xcassets"; sourceTree = "<group>"; };
		96512C012D830FDA0094F006 /* CredentialsSupabase.swift */ = {isa = PBXFileReference; lastKnownFileType = sourcecode.swift; path = CredentialsSupabase.swift; sourceTree = "<group>"; };
		966DEBED2D7755D3004D1B7F /* UserModel.swift */ = {isa = PBXFileReference; lastKnownFileType = sourcecode.swift; path = UserModel.swift; sourceTree = "<group>"; };
		966EEF622DA816DC00254FFC /* CategoryItem.swift */ = {isa = PBXFileReference; fileEncoding = 4; lastKnownFileType = sourcecode.swift; path = CategoryItem.swift; sourceTree = "<group>"; };
		966EEF652DA816EF00254FFC /* CategoryViewModel.swift */ = {isa = PBXFileReference; fileEncoding = 4; lastKnownFileType = sourcecode.swift; path = CategoryViewModel.swift; sourceTree = "<group>"; };
		966EEF672DA8170C00254FFC /* AdminDashboardView.swift */ = {isa = PBXFileReference; fileEncoding = 4; lastKnownFileType = sourcecode.swift; path = AdminDashboardView.swift; sourceTree = "<group>"; };
		966EEF682DA8170C00254FFC /* ClientDashboardView.swift */ = {isa = PBXFileReference; fileEncoding = 4; lastKnownFileType = sourcecode.swift; path = ClientDashboardView.swift; sourceTree = "<group>"; };
		966EEF6B2DA8173300254FFC /* CategoryModel.swift */ = {isa = PBXFileReference; fileEncoding = 4; lastKnownFileType = sourcecode.swift; path = CategoryModel.swift; sourceTree = "<group>"; };
		968EA6A62DAE9B7A0031D1A8 /* CustomAppbar.swift */ = {isa = PBXFileReference; lastKnownFileType = sourcecode.swift; path = CustomAppbar.swift; sourceTree = "<group>"; };
		968EA6A82DAEA7D00031D1A8 /* ProductViewModel.swift */ = {isa = PBXFileReference; lastKnownFileType = sourcecode.swift; path = ProductViewModel.swift; sourceTree = "<group>"; };
		96944C842DE004E800D5A298 /* CartModel.swift */ = {isa = PBXFileReference; lastKnownFileType = sourcecode.swift; path = CartModel.swift; sourceTree = "<group>"; };
		96944C862DE0059900D5A298 /* CartViewModel.swift */ = {isa = PBXFileReference; lastKnownFileType = sourcecode.swift; path = CartViewModel.swift; sourceTree = "<group>"; };
		96944C882DE0066000D5A298 /* CartView.swift */ = {isa = PBXFileReference; lastKnownFileType = sourcecode.swift; path = CartView.swift; sourceTree = "<group>"; };
		96944C8A2DE00A9700D5A298 /* Info.plist */ = {isa = PBXFileReference; lastKnownFileType = text.plist; path = Info.plist; sourceTree = "<group>"; };
		96944C8B2DE0120900D5A298 /* OrderModel.swift */ = {isa = PBXFileReference; lastKnownFileType = sourcecode.swift; path = OrderModel.swift; sourceTree = "<group>"; };
		96944C8D2DE01CAA00D5A298 /* KitchenViewModel.swift */ = {isa = PBXFileReference; lastKnownFileType = sourcecode.swift; path = KitchenViewModel.swift; sourceTree = "<group>"; };
		96944C8F2DE01D9B00D5A298 /* KitchenDashboardView.swift */ = {isa = PBXFileReference; lastKnownFileType = sourcecode.swift; path = KitchenDashboardView.swift; sourceTree = "<group>"; };
		96944C912DE024B600D5A298 /* OrderDetailView.swift */ = {isa = PBXFileReference; lastKnownFileType = sourcecode.swift; path = OrderDetailView.swift; sourceTree = "<group>"; };
		96944C932DE024DA00D5A298 /* OrderDetailViewModel.swift */ = {isa = PBXFileReference; lastKnownFileType = sourcecode.swift; path = OrderDetailViewModel.swift; sourceTree = "<group>"; };
		96A1E7162D761841008A9BE8 /* LoginView.swift */ = {isa = PBXFileReference; lastKnownFileType = sourcecode.swift; path = LoginView.swift; sourceTree = "<group>"; };
		96B0B6372DAD6C2200998A07 /* ProductModel.swift */ = {isa = PBXFileReference; lastKnownFileType = sourcecode.swift; path = ProductModel.swift; sourceTree = "<group>"; };
		96B0B6392DAD749900998A07 /* ProductCard.swift */ = {isa = PBXFileReference; lastKnownFileType = sourcecode.swift; path = ProductCard.swift; sourceTree = "<group>"; };
		96B205FC2D77404B00492979 /* AuthViewModel.swift */ = {isa = PBXFileReference; lastKnownFileType = sourcecode.swift; path = AuthViewModel.swift; sourceTree = "<group>"; };
		96B205FF2D7745B400492979 /* SignUpView.swift */ = {isa = PBXFileReference; lastKnownFileType = sourcecode.swift; path = SignUpView.swift; sourceTree = "<group>"; };
		96BD64202D81EA2E00C85462 /* Supabase.swift */ = {isa = PBXFileReference; lastKnownFileType = sourcecode.swift; path = Supabase.swift; sourceTree = "<group>"; };
		96BD64222D81F0DE00C85462 /* Config.xcconfig */ = {isa = PBXFileReference; lastKnownFileType = text.xcconfig; path = Config.xcconfig; sourceTree = "<group>"; };
		96BD64242D81F2EB00C85462 /* Configuration.swift */ = {isa = PBXFileReference; lastKnownFileType = sourcecode.swift; path = Configuration.swift; sourceTree = "<group>"; };
/* End PBXFileReference section */

/* Begin PBXFrameworksBuildPhase section */
		96228A662D64C0F7003E3242 /* Frameworks */ = {
			isa = PBXFrameworksBuildPhase;
			buildActionMask = 2147483647;
			files = (
				96BD64192D81E9D700C85462 /* PostgREST in Frameworks */,
				96BD64172D81E9D700C85462 /* Functions in Frameworks */,
				96BD641F2D81E9D700C85462 /* Supabase in Frameworks */,
				96BD64152D81E9D700C85462 /* Auth in Frameworks */,
				96BD641D2D81E9D700C85462 /* Storage in Frameworks */,
				96BD641B2D81E9D700C85462 /* Realtime in Frameworks */,
			);
			runOnlyForDeploymentPostprocessing = 0;
		};
/* End PBXFrameworksBuildPhase section */

/* Begin PBXGroup section */
		961EFB7A2DCBFCED00DDB444 /* Routes */ = {
			isa = PBXGroup;
			children = (
				961EFB772DCBFCED00DDB444 /* AppRoute.swift */,
				961EFB782DCBFCED00DDB444 /* NavigationCoordinator.swift */,
				961EFB792DCBFCED00DDB444 /* NavigationRouter.swift */,
			);
			path = Routes;
			sourceTree = "<group>";
		};
		96228A602D64C0F7003E3242 = {
			isa = PBXGroup;
			children = (
				96228A6B2D64C0F7003E3242 /* Learning */,
				96228A6A2D64C0F7003E3242 /* Products */,
			);
			sourceTree = "<group>";
		};
		96228A6A2D64C0F7003E3242 /* Products */ = {
			isa = PBXGroup;
			children = (
				96228A692D64C0F7003E3242 /* Learning.app */,
			);
			name = Products;
			sourceTree = "<group>";
		};
		96228A6B2D64C0F7003E3242 /* Learning */ = {
			isa = PBXGroup;
			children = (
				96944C8A2DE00A9700D5A298 /* Info.plist */,
				961EFB7A2DCBFCED00DDB444 /* Routes */,
				96BD64262D81F58700C85462 /* Config */,
				96B206012D77498E00492979 /* Components */,
				96A10D882D72215C00B9624E /* ViewsModels */,
				96A10D872D72215400B9624E /* Views */,
				96A10D862D72214A00B9624E /* Models */,
				96B205FE2D77437600492979 /* App */,
				96228A702D64C0F9003E3242 /* Assets.xcassets */,
				96228A722D64C0F9003E3242 /* Learning.entitlements */,
				96228A732D64C0F9003E3242 /* Preview Content */,
				96BD64202D81EA2E00C85462 /* Supabase.swift */,
			);
			path = Learning;
			sourceTree = "<group>";
		};
		96228A732D64C0F9003E3242 /* Preview Content */ = {
			isa = PBXGroup;
			children = (
				96228A742D64C0F9003E3242 /* Preview Assets.xcassets */,
			);
			path = "Preview Content";
			sourceTree = "<group>";
		};
		96A10D862D72214A00B9624E /* Models */ = {
			isa = PBXGroup;
			children = (
				96944C8B2DE0120900D5A298 /* OrderModel.swift */,
				96944C842DE004E800D5A298 /* CartModel.swift */,
				966EEF6B2DA8173300254FFC /* CategoryModel.swift */,
				966DEBED2D7755D3004D1B7F /* UserModel.swift */,
				96512C012D830FDA0094F006 /* CredentialsSupabase.swift */,
				96B0B6372DAD6C2200998A07 /* ProductModel.swift */,
			);
			path = Models;
			sourceTree = "<group>";
		};
		96A10D872D72215400B9624E /* Views */ = {
			isa = PBXGroup;
			children = (
				96944C8F2DE01D9B00D5A298 /* KitchenDashboardView.swift */,
				96944C882DE0066000D5A298 /* CartView.swift */,
				961EFB802DCBFE2200DDB444 /* ProductDetailsView.swift */,
				966EEF672DA8170C00254FFC /* AdminDashboardView.swift */,
				966EEF682DA8170C00254FFC /* ClientDashboardView.swift */,
				96228A6E2D64C0F7003E3242 /* WelcomeView.swift */,
				96A1E7162D761841008A9BE8 /* LoginView.swift */,
				96B205FF2D7745B400492979 /* SignUpView.swift */,
				96944C912DE024B600D5A298 /* OrderDetailView.swift */,
			);
			path = Views;
			sourceTree = "<group>";
		};
		96A10D882D72215C00B9624E /* ViewsModels */ = {
			isa = PBXGroup;
			children = (
				96944C932DE024DA00D5A298 /* OrderDetailViewModel.swift */,
				96944C8D2DE01CAA00D5A298 /* KitchenViewModel.swift */,
				961EFB7E2DCBFD1F00DDB444 /* SignUpViewModel.swift */,
				966EEF652DA816EF00254FFC /* CategoryViewModel.swift */,
				96B205FC2D77404B00492979 /* AuthViewModel.swift */,
				968EA6A82DAEA7D00031D1A8 /* ProductViewModel.swift */,
				96944C862DE0059900D5A298 /* CartViewModel.swift */,
			);
			path = ViewsModels;
			sourceTree = "<group>";
		};
		96B205FE2D77437600492979 /* App */ = {
			isa = PBXGroup;
			children = (
				96228A6C2D64C0F7003E3242 /* KDSApp.swift */,
			);
			path = App;
			sourceTree = "<group>";
		};
		96B206012D77498E00492979 /* Components */ = {
			isa = PBXGroup;
			children = (
				966EEF622DA816DC00254FFC /* CategoryItem.swift */,
				96B0B6392DAD749900998A07 /* ProductCard.swift */,
				968EA6A62DAE9B7A0031D1A8 /* CustomAppbar.swift */,
			);
			path = Components;
			sourceTree = "<group>";
		};
		96BD64262D81F58700C85462 /* Config */ = {
			isa = PBXGroup;
			children = (
				96BD64242D81F2EB00C85462 /* Configuration.swift */,
				96BD64222D81F0DE00C85462 /* Config.xcconfig */,
			);
			path = Config;
			sourceTree = "<group>";
		};
/* End PBXGroup section */

/* Begin PBXNativeTarget section */
		96228A682D64C0F7003E3242 /* Learning */ = {
			isa = PBXNativeTarget;
			buildConfigurationList = 96228A782D64C0F9003E3242 /* Build configuration list for PBXNativeTarget "Learning" */;
			buildPhases = (
				96228A652D64C0F7003E3242 /* Sources */,
				96228A662D64C0F7003E3242 /* Frameworks */,
				96228A672D64C0F7003E3242 /* Resources */,
			);
			buildRules = (
			);
			dependencies = (
			);
			name = Learning;
			packageProductDependencies = (
				96BD64142D81E9D700C85462 /* Auth */,
				96BD64162D81E9D700C85462 /* Functions */,
				96BD64182D81E9D700C85462 /* PostgREST */,
				96BD641A2D81E9D700C85462 /* Realtime */,
				96BD641C2D81E9D700C85462 /* Storage */,
				96BD641E2D81E9D700C85462 /* Supabase */,
			);
			productName = Learning;
			productReference = 96228A692D64C0F7003E3242 /* Learning.app */;
			productType = "com.apple.product-type.application";
		};
/* End PBXNativeTarget section */

/* Begin PBXProject section */
		96228A612D64C0F7003E3242 /* Project object */ = {
			isa = PBXProject;
			attributes = {
				BuildIndependentTargetsInParallel = 1;
				LastSwiftUpdateCheck = 1520;
				LastUpgradeCheck = 1630;
				TargetAttributes = {
					96228A682D64C0F7003E3242 = {
						CreatedOnToolsVersion = 15.2;
					};
				};
			};
			buildConfigurationList = 96228A642D64C0F7003E3242 /* Build configuration list for PBXProject "Learning" */;
			compatibilityVersion = "Xcode 14.0";
			developmentRegion = en;
			hasScannedForEncodings = 0;
			knownRegions = (
				en,
				Base,
			);
			mainGroup = 96228A602D64C0F7003E3242;
			packageReferences = (
				96BD64132D81E9D700C85462 /* XCRemoteSwiftPackageReference "supabase-swift" */,
			);
			productRefGroup = 96228A6A2D64C0F7003E3242 /* Products */;
			projectDirPath = "";
			projectRoot = "";
			targets = (
				96228A682D64C0F7003E3242 /* Learning */,
			);
		};
/* End PBXProject section */

/* Begin PBXResourcesBuildPhase section */
		96228A672D64C0F7003E3242 /* Resources */ = {
			isa = PBXResourcesBuildPhase;
			buildActionMask = 2147483647;
			files = (
				96228A752D64C0F9003E3242 /* Preview Assets.xcassets in Resources */,
				96228A712D64C0F9003E3242 /* Assets.xcassets in Resources */,
			);
			runOnlyForDeploymentPostprocessing = 0;
		};
/* End PBXResourcesBuildPhase section */

/* Begin PBXSourcesBuildPhase section */
		96228A652D64C0F7003E3242 /* Sources */ = {
			isa = PBXSourcesBuildPhase;
			buildActionMask = 2147483647;
			files = (
				96512C022D830FDA0094F006 /* CredentialsSupabase.swift in Sources */,
				96944C8C2DE0120F00D5A298 /* OrderModel.swift in Sources */,
				96B205FD2D77404B00492979 /* AuthViewModel.swift in Sources */,
				96944C892DE0066500D5A298 /* CartView.swift in Sources */,
				96944C942DE024E800D5A298 /* OrderDetailViewModel.swift in Sources */,
				96A1E7172D761841008A9BE8 /* LoginView.swift in Sources */,
				96BD64212D81EA2E00C85462 /* Supabase.swift in Sources */,
				96228A6F2D64C0F7003E3242 /* WelcomeView.swift in Sources */,
				961EFB7B2DCBFCED00DDB444 /* NavigationCoordinator.swift in Sources */,
				961EFB812DCBFE2200DDB444 /* ProductDetailsView.swift in Sources */,
				961EFB7C2DCBFCED00DDB444 /* NavigationRouter.swift in Sources */,
				96944C902DE01DA800D5A298 /* KitchenDashboardView.swift in Sources */,
				961EFB7D2DCBFCED00DDB444 /* AppRoute.swift in Sources */,
				966EEF642DA816DC00254FFC /* CategoryItem.swift in Sources */,
				96944C852DE004F100D5A298 /* CartModel.swift in Sources */,
				96944C922DE024B600D5A298 /* OrderDetailView.swift in Sources */,
				96BD64252D81F2EB00C85462 /* Configuration.swift in Sources */,
				966EEF662DA816EF00254FFC /* CategoryViewModel.swift in Sources */,
				966DEBEE2D7755D3004D1B7F /* UserModel.swift in Sources */,
				96B206002D7745B400492979 /* SignUpView.swift in Sources */,
				96B0B63A2DAD749900998A07 /* ProductCard.swift in Sources */,
				96944C872DE0059900D5A298 /* CartViewModel.swift in Sources */,
				96228A6D2D64C0F7003E3242 /* KDSApp.swift in Sources */,
				96944C8E2DE01CAE00D5A298 /* KitchenViewModel.swift in Sources */,
				966EEF6C2DA8173300254FFC /* CategoryModel.swift in Sources */,
				968EA6A72DAE9B7A0031D1A8 /* CustomAppbar.swift in Sources */,
				968EA6A92DAEA7D00031D1A8 /* ProductViewModel.swift in Sources */,
				966EEF6A2DA8170C00254FFC /* ClientDashboardView.swift in Sources */,
				966EEF692DA8170C00254FFC /* AdminDashboardView.swift in Sources */,
				961EFB7F2DCBFD1F00DDB444 /* SignUpViewModel.swift in Sources */,
				96B0B6382DAD6C2200998A07 /* ProductModel.swift in Sources */,
			);
			runOnlyForDeploymentPostprocessing = 0;
		};
/* End PBXSourcesBuildPhase section */

/* Begin XCBuildConfiguration section */
		96228A762D64C0F9003E3242 /* Debug */ = {
			isa = XCBuildConfiguration;
			buildSettings = {
				ALWAYS_SEARCH_USER_PATHS = NO;
				ASSETCATALOG_COMPILER_GENERATE_SWIFT_ASSET_SYMBOL_EXTENSIONS = YES;
				CLANG_ANALYZER_NONNULL = YES;
				CLANG_ANALYZER_NUMBER_OBJECT_CONVERSION = YES_AGGRESSIVE;
				CLANG_CXX_LANGUAGE_STANDARD = "gnu++20";
				CLANG_ENABLE_MODULES = YES;
				CLANG_ENABLE_OBJC_ARC = YES;
				CLANG_ENABLE_OBJC_WEAK = YES;
				CLANG_WARN_BLOCK_CAPTURE_AUTORELEASING = YES;
				CLANG_WARN_BOOL_CONVERSION = YES;
				CLANG_WARN_COMMA = YES;
				CLANG_WARN_CONSTANT_CONVERSION = YES;
				CLANG_WARN_DEPRECATED_OBJC_IMPLEMENTATIONS = YES;
				CLANG_WARN_DIRECT_OBJC_ISA_USAGE = YES_ERROR;
				CLANG_WARN_DOCUMENTATION_COMMENTS = YES;
				CLANG_WARN_EMPTY_BODY = YES;
				CLANG_WARN_ENUM_CONVERSION = YES;
				CLANG_WARN_INFINITE_RECURSION = YES;
				CLANG_WARN_INT_CONVERSION = YES;
				CLANG_WARN_NON_LITERAL_NULL_CONVERSION = YES;
				CLANG_WARN_OBJC_IMPLICIT_RETAIN_SELF = YES;
				CLANG_WARN_OBJC_LITERAL_CONVERSION = YES;
				CLANG_WARN_OBJC_ROOT_CLASS = YES_ERROR;
				CLANG_WARN_QUOTED_INCLUDE_IN_FRAMEWORK_HEADER = YES;
				CLANG_WARN_RANGE_LOOP_ANALYSIS = YES;
				CLANG_WARN_STRICT_PROTOTYPES = YES;
				CLANG_WARN_SUSPICIOUS_MOVE = YES;
				CLANG_WARN_UNGUARDED_AVAILABILITY = YES_AGGRESSIVE;
				CLANG_WARN_UNREACHABLE_CODE = YES;
				CLANG_WARN__DUPLICATE_METHOD_MATCH = YES;
				COPY_PHASE_STRIP = NO;
				DEAD_CODE_STRIPPING = YES;
				DEBUG_INFORMATION_FORMAT = dwarf;
				DEVELOPMENT_TEAM = 9SW4R7F684;
				ENABLE_STRICT_OBJC_MSGSEND = YES;
				ENABLE_TESTABILITY = YES;
				ENABLE_USER_SCRIPT_SANDBOXING = YES;
				GCC_C_LANGUAGE_STANDARD = gnu17;
				GCC_DYNAMIC_NO_PIC = NO;
				GCC_NO_COMMON_BLOCKS = YES;
				GCC_OPTIMIZATION_LEVEL = 0;
				GCC_PREPROCESSOR_DEFINITIONS = (
					"DEBUG=1",
					"$(inherited)",
				);
				GCC_WARN_64_TO_32_BIT_CONVERSION = YES;
				GCC_WARN_ABOUT_RETURN_TYPE = YES_ERROR;
				GCC_WARN_UNDECLARED_SELECTOR = YES;
				GCC_WARN_UNINITIALIZED_AUTOS = YES_AGGRESSIVE;
				GCC_WARN_UNUSED_FUNCTION = YES;
				GCC_WARN_UNUSED_VARIABLE = YES;
				LOCALIZATION_PREFERS_STRING_CATALOGS = YES;
				MTL_ENABLE_DEBUG_INFO = INCLUDE_SOURCE;
				MTL_FAST_MATH = YES;
				ONLY_ACTIVE_ARCH = YES;
				SWIFT_ACTIVE_COMPILATION_CONDITIONS = "DEBUG $(inherited)";
				SWIFT_OPTIMIZATION_LEVEL = "-Onone";
			};
			name = Debug;
		};
		96228A772D64C0F9003E3242 /* Release */ = {
			isa = XCBuildConfiguration;
			buildSettings = {
				ALWAYS_SEARCH_USER_PATHS = NO;
				ASSETCATALOG_COMPILER_GENERATE_SWIFT_ASSET_SYMBOL_EXTENSIONS = YES;
				CLANG_ANALYZER_NONNULL = YES;
				CLANG_ANALYZER_NUMBER_OBJECT_CONVERSION = YES_AGGRESSIVE;
				CLANG_CXX_LANGUAGE_STANDARD = "gnu++20";
				CLANG_ENABLE_MODULES = YES;
				CLANG_ENABLE_OBJC_ARC = YES;
				CLANG_ENABLE_OBJC_WEAK = YES;
				CLANG_WARN_BLOCK_CAPTURE_AUTORELEASING = YES;
				CLANG_WARN_BOOL_CONVERSION = YES;
				CLANG_WARN_COMMA = YES;
				CLANG_WARN_CONSTANT_CONVERSION = YES;
				CLANG_WARN_DEPRECATED_OBJC_IMPLEMENTATIONS = YES;
				CLANG_WARN_DIRECT_OBJC_ISA_USAGE = YES_ERROR;
				CLANG_WARN_DOCUMENTATION_COMMENTS = YES;
				CLANG_WARN_EMPTY_BODY = YES;
				CLANG_WARN_ENUM_CONVERSION = YES;
				CLANG_WARN_INFINITE_RECURSION = YES;
				CLANG_WARN_INT_CONVERSION = YES;
				CLANG_WARN_NON_LITERAL_NULL_CONVERSION = YES;
				CLANG_WARN_OBJC_IMPLICIT_RETAIN_SELF = YES;
				CLANG_WARN_OBJC_LITERAL_CONVERSION = YES;
				CLANG_WARN_OBJC_ROOT_CLASS = YES_ERROR;
				CLANG_WARN_QUOTED_INCLUDE_IN_FRAMEWORK_HEADER = YES;
				CLANG_WARN_RANGE_LOOP_ANALYSIS = YES;
				CLANG_WARN_STRICT_PROTOTYPES = YES;
				CLANG_WARN_SUSPICIOUS_MOVE = YES;
				CLANG_WARN_UNGUARDED_AVAILABILITY = YES_AGGRESSIVE;
				CLANG_WARN_UNREACHABLE_CODE = YES;
				CLANG_WARN__DUPLICATE_METHOD_MATCH = YES;
				COPY_PHASE_STRIP = NO;
				DEAD_CODE_STRIPPING = YES;
				DEBUG_INFORMATION_FORMAT = "dwarf-with-dsym";
				DEVELOPMENT_TEAM = 9SW4R7F684;
				ENABLE_NS_ASSERTIONS = NO;
				ENABLE_STRICT_OBJC_MSGSEND = YES;
				ENABLE_USER_SCRIPT_SANDBOXING = YES;
				GCC_C_LANGUAGE_STANDARD = gnu17;
				GCC_NO_COMMON_BLOCKS = YES;
				GCC_WARN_64_TO_32_BIT_CONVERSION = YES;
				GCC_WARN_ABOUT_RETURN_TYPE = YES_ERROR;
				GCC_WARN_UNDECLARED_SELECTOR = YES;
				GCC_WARN_UNINITIALIZED_AUTOS = YES_AGGRESSIVE;
				GCC_WARN_UNUSED_FUNCTION = YES;
				GCC_WARN_UNUSED_VARIABLE = YES;
				LOCALIZATION_PREFERS_STRING_CATALOGS = YES;
				MTL_ENABLE_DEBUG_INFO = NO;
				MTL_FAST_MATH = YES;
				SWIFT_COMPILATION_MODE = wholemodule;
			};
			name = Release;
		};
		96228A792D64C0F9003E3242 /* Debug */ = {
			isa = XCBuildConfiguration;
			baseConfigurationReference = 96BD64222D81F0DE00C85462 /* Config.xcconfig */;
			buildSettings = {
				ASSETCATALOG_COMPILER_APPICON_NAME = AppIcon;
				ASSETCATALOG_COMPILER_GLOBAL_ACCENT_COLOR_NAME = AccentColor;
				CODE_SIGN_ENTITLEMENTS = Learning/Learning.entitlements;
				CODE_SIGN_STYLE = Automatic;
				CURRENT_PROJECT_VERSION = 1;
				DEAD_CODE_STRIPPING = YES;
				DEVELOPMENT_ASSET_PATHS = "\"Learning/Preview Content\"";
				ENABLE_HARDENED_RUNTIME = YES;
				ENABLE_PREVIEWS = YES;
				GENERATE_INFOPLIST_FILE = YES;
				INFOPLIST_FILE = Learning/Info.plist;
				"INFOPLIST_KEY_UIApplicationSceneManifest_Generation[sdk=iphoneos*]" = YES;
				"INFOPLIST_KEY_UIApplicationSceneManifest_Generation[sdk=iphonesimulator*]" = YES;
				"INFOPLIST_KEY_UIApplicationSupportsIndirectInputEvents[sdk=iphoneos*]" = YES;
				"INFOPLIST_KEY_UIApplicationSupportsIndirectInputEvents[sdk=iphonesimulator*]" = YES;
				"INFOPLIST_KEY_UILaunchScreen_Generation[sdk=iphoneos*]" = YES;
				"INFOPLIST_KEY_UILaunchScreen_Generation[sdk=iphonesimulator*]" = YES;
				"INFOPLIST_KEY_UIStatusBarStyle[sdk=iphoneos*]" = UIStatusBarStyleDefault;
				"INFOPLIST_KEY_UIStatusBarStyle[sdk=iphonesimulator*]" = UIStatusBarStyleDefault;
				INFOPLIST_KEY_UISupportedInterfaceOrientations_iPad = "UIInterfaceOrientationPortrait UIInterfaceOrientationPortraitUpsideDown UIInterfaceOrientationLandscapeLeft UIInterfaceOrientationLandscapeRight";
				INFOPLIST_KEY_UISupportedInterfaceOrientations_iPhone = "UIInterfaceOrientationPortrait UIInterfaceOrientationLandscapeLeft UIInterfaceOrientationLandscapeRight";
				IPHONEOS_DEPLOYMENT_TARGET = 18.0;
				LD_RUNPATH_SEARCH_PATHS = "@executable_path/Frameworks";
				"LD_RUNPATH_SEARCH_PATHS[sdk=macosx*]" = "@executable_path/../Frameworks";
				MACOSX_DEPLOYMENT_TARGET = 13.7;
				MARKETING_VERSION = 1.0;
				OTHER_SWIFT_FLAGS = "";
				PRODUCT_BUNDLE_IDENTIFIER = isaacpachon.Learning;
				PRODUCT_NAME = "$(TARGET_NAME)";
				SDKROOT = auto;
				SUPPORTED_PLATFORMS = "iphoneos iphonesimulator";
				SUPPORTS_MACCATALYST = NO;
				SWIFT_EMIT_LOC_STRINGS = YES;
				SWIFT_VERSION = 5.0;
				TARGETED_DEVICE_FAMILY = "1,2";
			};
			name = Debug;
		};
		96228A7A2D64C0F9003E3242 /* Release */ = {
			isa = XCBuildConfiguration;
			baseConfigurationReference = 96BD64222D81F0DE00C85462 /* Config.xcconfig */;
			buildSettings = {
				ASSETCATALOG_COMPILER_APPICON_NAME = AppIcon;
				ASSETCATALOG_COMPILER_GLOBAL_ACCENT_COLOR_NAME = AccentColor;
				CODE_SIGN_ENTITLEMENTS = Learning/Learning.entitlements;
				CODE_SIGN_STYLE = Automatic;
				CURRENT_PROJECT_VERSION = 1;
				DEAD_CODE_STRIPPING = YES;
				DEVELOPMENT_ASSET_PATHS = "\"Learning/Preview Content\"";
				ENABLE_HARDENED_RUNTIME = YES;
				ENABLE_PREVIEWS = YES;
				GENERATE_INFOPLIST_FILE = YES;
				INFOPLIST_FILE = Learning/Info.plist;
				"INFOPLIST_KEY_UIApplicationSceneManifest_Generation[sdk=iphoneos*]" = YES;
				"INFOPLIST_KEY_UIApplicationSceneManifest_Generation[sdk=iphonesimulator*]" = YES;
				"INFOPLIST_KEY_UIApplicationSupportsIndirectInputEvents[sdk=iphoneos*]" = YES;
				"INFOPLIST_KEY_UIApplicationSupportsIndirectInputEvents[sdk=iphonesimulator*]" = YES;
				"INFOPLIST_KEY_UILaunchScreen_Generation[sdk=iphoneos*]" = YES;
				"INFOPLIST_KEY_UILaunchScreen_Generation[sdk=iphonesimulator*]" = YES;
				"INFOPLIST_KEY_UIStatusBarStyle[sdk=iphoneos*]" = UIStatusBarStyleDefault;
				"INFOPLIST_KEY_UIStatusBarStyle[sdk=iphonesimulator*]" = UIStatusBarStyleDefault;
				INFOPLIST_KEY_UISupportedInterfaceOrientations_iPad = "UIInterfaceOrientationPortrait UIInterfaceOrientationPortraitUpsideDown UIInterfaceOrientationLandscapeLeft UIInterfaceOrientationLandscapeRight";
				INFOPLIST_KEY_UISupportedInterfaceOrientations_iPhone = "UIInterfaceOrientationPortrait UIInterfaceOrientationLandscapeLeft UIInterfaceOrientationLandscapeRight";
				IPHONEOS_DEPLOYMENT_TARGET = 18.0;
				LD_RUNPATH_SEARCH_PATHS = "@executable_path/Frameworks";
				"LD_RUNPATH_SEARCH_PATHS[sdk=macosx*]" = "@executable_path/../Frameworks";
				MACOSX_DEPLOYMENT_TARGET = 13.7;
				MARKETING_VERSION = 1.0;
				PRODUCT_BUNDLE_IDENTIFIER = isaacpachon.Learning;
				PRODUCT_NAME = "$(TARGET_NAME)";
				SDKROOT = auto;
				SUPPORTED_PLATFORMS = "iphoneos iphonesimulator";
				SUPPORTS_MACCATALYST = NO;
				SWIFT_EMIT_LOC_STRINGS = YES;
				SWIFT_VERSION = 5.0;
				TARGETED_DEVICE_FAMILY = "1,2";
			};
			name = Release;
		};
/* End XCBuildConfiguration section */

/* Begin XCConfigurationList section */
		96228A642D64C0F7003E3242 /* Build configuration list for PBXProject "Learning" */ = {
			isa = XCConfigurationList;
			buildConfigurations = (
				96228A762D64C0F9003E3242 /* Debug */,
				96228A772D64C0F9003E3242 /* Release */,
			);
			defaultConfigurationIsVisible = 0;
			defaultConfigurationName = Release;
		};
		96228A782D64C0F9003E3242 /* Build configuration list for PBXNativeTarget "Learning" */ = {
			isa = XCConfigurationList;
			buildConfigurations = (
				96228A792D64C0F9003E3242 /* Debug */,
				96228A7A2D64C0F9003E3242 /* Release */,
			);
			defaultConfigurationIsVisible = 0;
			defaultConfigurationName = Release;
		};
/* End XCConfigurationList section */

/* Begin XCRemoteSwiftPackageReference section */
		96BD64132D81E9D700C85462 /* XCRemoteSwiftPackageReference "supabase-swift" */ = {
			isa = XCRemoteSwiftPackageReference;
			repositoryURL = "https://github.com/supabase/supabase-swift.git";
			requirement = {
				kind = upToNextMajorVersion;
				minimumVersion = 2.5.1;
			};
		};
/* End XCRemoteSwiftPackageReference section */

/* Begin XCSwiftPackageProductDependency section */
		96BD64142D81E9D700C85462 /* Auth */ = {
			isa = XCSwiftPackageProductDependency;
			package = 96BD64132D81E9D700C85462 /* XCRemoteSwiftPackageReference "supabase-swift" */;
			productName = Auth;
		};
		96BD64162D81E9D700C85462 /* Functions */ = {
			isa = XCSwiftPackageProductDependency;
			package = 96BD64132D81E9D700C85462 /* XCRemoteSwiftPackageReference "supabase-swift" */;
			productName = Functions;
		};
		96BD64182D81E9D700C85462 /* PostgREST */ = {
			isa = XCSwiftPackageProductDependency;
			package = 96BD64132D81E9D700C85462 /* XCRemoteSwiftPackageReference "supabase-swift" */;
			productName = PostgREST;
		};
		96BD641A2D81E9D700C85462 /* Realtime */ = {
			isa = XCSwiftPackageProductDependency;
			package = 96BD64132D81E9D700C85462 /* XCRemoteSwiftPackageReference "supabase-swift" */;
			productName = Realtime;
		};
		96BD641C2D81E9D700C85462 /* Storage */ = {
			isa = XCSwiftPackageProductDependency;
			package = 96BD64132D81E9D700C85462 /* XCRemoteSwiftPackageReference "supabase-swift" */;
			productName = Storage;
		};
		96BD641E2D81E9D700C85462 /* Supabase */ = {
			isa = XCSwiftPackageProductDependency;
			package = 96BD64132D81E9D700C85462 /* XCRemoteSwiftPackageReference "supabase-swift" */;
			productName = Supabase;
		};
/* End XCSwiftPackageProductDependency section */
	};
	rootObject = 96228A612D64C0F7003E3242 /* Project object */;
}
